// !$*UTF8*$!
{
	archiveVersion = 1;
	classes = {
	};
	objectVersion = 46;
	objects = {

/* Begin PBXBuildFile section */
		908F71CE1B5F0C5088ED7251 /* Pods_DJApp.framework in Frameworks */ = {isa = PBXBuildFile; fileRef = CBCF12C76B653D4C27088A2E /* Pods_DJApp.framework */; };
		CB226C3E1F116C8E006A5209 /* AppDelegate.swift in Sources */ = {isa = PBXBuildFile; fileRef = CB226C3D1F116C8E006A5209 /* AppDelegate.swift */; };
		CB226C431F116C8E006A5209 /* Main.storyboard in Resources */ = {isa = PBXBuildFile; fileRef = CB226C411F116C8E006A5209 /* Main.storyboard */; };
		CB226C451F116C8E006A5209 /* Assets.xcassets in Resources */ = {isa = PBXBuildFile; fileRef = CB226C441F116C8E006A5209 /* Assets.xcassets */; };
		CB226C481F116C8E006A5209 /* LaunchScreen.storyboard in Resources */ = {isa = PBXBuildFile; fileRef = CB226C461F116C8E006A5209 /* LaunchScreen.storyboard */; };
		CB740B6D1F1FCBA3007DD5F8 /* SongsViewController.swift in Sources */ = {isa = PBXBuildFile; fileRef = CB740B6C1F1FCBA3007DD5F8 /* SongsViewController.swift */; };
		CB749C7D1F36564300EFC01A /* SongYoutubeData.swift in Sources */ = {isa = PBXBuildFile; fileRef = CB749C7C1F36564300EFC01A /* SongYoutubeData.swift */; };
		CB904C9A1F2284A70071A36B /* SongTableViewCell.swift in Sources */ = {isa = PBXBuildFile; fileRef = CB904C991F2284A60071A36B /* SongTableViewCell.swift */; };
		CB904C9D1F22875A0071A36B /* Song.swift in Sources */ = {isa = PBXBuildFile; fileRef = CB904C9C1F22875A0071A36B /* Song.swift */; };
		CBD262481F1A7C0B005B9231 /* GoogleService-Info.plist in Resources */ = {isa = PBXBuildFile; fileRef = CBD262471F1A7C0B005B9231 /* GoogleService-Info.plist */; };
/* End PBXBuildFile section */

/* Begin PBXFileReference section */
		3042A003BB93F5C6D4EF4FF8 /* Pods-DJApp.debug.xcconfig */ = {isa = PBXFileReference; includeInIndex = 1; lastKnownFileType = text.xcconfig; name = "Pods-DJApp.debug.xcconfig"; path = "Pods/Target Support Files/Pods-DJApp/Pods-DJApp.debug.xcconfig"; sourceTree = "<group>"; };
		BC19697479706519DB5D2D00 /* Pods-DJApp.release.xcconfig */ = {isa = PBXFileReference; includeInIndex = 1; lastKnownFileType = text.xcconfig; name = "Pods-DJApp.release.xcconfig"; path = "Pods/Target Support Files/Pods-DJApp/Pods-DJApp.release.xcconfig"; sourceTree = "<group>"; };
		CB226C3A1F116C8E006A5209 /* DJApp.app */ = {isa = PBXFileReference; explicitFileType = wrapper.application; includeInIndex = 0; path = DJApp.app; sourceTree = BUILT_PRODUCTS_DIR; };
		CB226C3D1F116C8E006A5209 /* AppDelegate.swift */ = {isa = PBXFileReference; lastKnownFileType = sourcecode.swift; path = AppDelegate.swift; sourceTree = "<group>"; };
		CB226C421F116C8E006A5209 /* Base */ = {isa = PBXFileReference; lastKnownFileType = file.storyboard; name = Base; path = Base.lproj/Main.storyboard; sourceTree = "<group>"; };
		CB226C441F116C8E006A5209 /* Assets.xcassets */ = {isa = PBXFileReference; lastKnownFileType = folder.assetcatalog; path = Assets.xcassets; sourceTree = "<group>"; };
		CB226C471F116C8E006A5209 /* Base */ = {isa = PBXFileReference; lastKnownFileType = file.storyboard; name = Base; path = Base.lproj/LaunchScreen.storyboard; sourceTree = "<group>"; };
		CB226C491F116C8E006A5209 /* Info.plist */ = {isa = PBXFileReference; lastKnownFileType = text.plist.xml; path = Info.plist; sourceTree = "<group>"; };
		CB740B6C1F1FCBA3007DD5F8 /* SongsViewController.swift */ = {isa = PBXFileReference; fileEncoding = 4; lastKnownFileType = sourcecode.swift; path = SongsViewController.swift; sourceTree = "<group>"; };
		CB749C7C1F36564300EFC01A /* SongYoutubeData.swift */ = {isa = PBXFileReference; fileEncoding = 4; lastKnownFileType = sourcecode.swift; path = SongYoutubeData.swift; sourceTree = "<group>"; };
		CB904C991F2284A60071A36B /* SongTableViewCell.swift */ = {isa = PBXFileReference; fileEncoding = 4; lastKnownFileType = sourcecode.swift; path = SongTableViewCell.swift; sourceTree = "<group>"; };
		CB904C9C1F22875A0071A36B /* Song.swift */ = {isa = PBXFileReference; fileEncoding = 4; lastKnownFileType = sourcecode.swift; path = Song.swift; sourceTree = "<group>"; };
		CBCF12C76B653D4C27088A2E /* Pods_DJApp.framework */ = {isa = PBXFileReference; explicitFileType = wrapper.framework; includeInIndex = 0; path = Pods_DJApp.framework; sourceTree = BUILT_PRODUCTS_DIR; };
		CBD262471F1A7C0B005B9231 /* GoogleService-Info.plist */ = {isa = PBXFileReference; fileEncoding = 4; lastKnownFileType = text.plist.xml; path = "GoogleService-Info.plist"; sourceTree = "<group>"; };
/* End PBXFileReference section */

/* Begin PBXFrameworksBuildPhase section */
		CB226C371F116C8E006A5209 /* Frameworks */ = {
			isa = PBXFrameworksBuildPhase;
			buildActionMask = 2147483647;
			files = (
				908F71CE1B5F0C5088ED7251 /* Pods_DJApp.framework in Frameworks */,
			);
			runOnlyForDeploymentPostprocessing = 0;
		};
/* End PBXFrameworksBuildPhase section */

/* Begin PBXGroup section */
		181574A5B2E6EAF3F6186EBB /* Frameworks */ = {
			isa = PBXGroup;
			children = (
				CBCF12C76B653D4C27088A2E /* Pods_DJApp.framework */,
			);
			name = Frameworks;
			sourceTree = "<group>";
		};
		88711B29F4D61EE3A8403A90 /* Pods */ = {
			isa = PBXGroup;
			children = (
				3042A003BB93F5C6D4EF4FF8 /* Pods-DJApp.debug.xcconfig */,
				BC19697479706519DB5D2D00 /* Pods-DJApp.release.xcconfig */,
			);
			name = Pods;
			sourceTree = "<group>";
		};
		CB226C311F116C8E006A5209 = {
			isa = PBXGroup;
			children = (
				CB226C3C1F116C8E006A5209 /* DJApp */,
				CB226C3B1F116C8E006A5209 /* Products */,
				88711B29F4D61EE3A8403A90 /* Pods */,
				181574A5B2E6EAF3F6186EBB /* Frameworks */,
			);
			sourceTree = "<group>";
		};
		CB226C3B1F116C8E006A5209 /* Products */ = {
			isa = PBXGroup;
			children = (
				CB226C3A1F116C8E006A5209 /* DJApp.app */,
			);
			name = Products;
			sourceTree = "<group>";
		};
		CB226C3C1F116C8E006A5209 /* DJApp */ = {
			isa = PBXGroup;
			children = (
				CB22E7831F3531AD000D77FF /* View */,
				CB904C9B1F22874A0071A36B /* Model */,
				CB740B6B1F1FCB76007DD5F8 /* ViewController */,
				CB226C3D1F116C8E006A5209 /* AppDelegate.swift */,
				CB226C411F116C8E006A5209 /* Main.storyboard */,
				CB226C441F116C8E006A5209 /* Assets.xcassets */,
				CB226C461F116C8E006A5209 /* LaunchScreen.storyboard */,
				CB226C491F116C8E006A5209 /* Info.plist */,
				CBD262471F1A7C0B005B9231 /* GoogleService-Info.plist */,
			);
			path = DJApp;
			sourceTree = "<group>";
		};
		CB22E7831F3531AD000D77FF /* View */ = {
			isa = PBXGroup;
			children = (
				CB904C991F2284A60071A36B /* SongTableViewCell.swift */,
			);
			name = View;
			sourceTree = "<group>";
		};
		CB740B6B1F1FCB76007DD5F8 /* ViewController */ = {
			isa = PBXGroup;
			children = (
				CB740B6C1F1FCBA3007DD5F8 /* SongsViewController.swift */,
			);
			name = ViewController;
			sourceTree = "<group>";
		};
		CB904C9B1F22874A0071A36B /* Model */ = {
			isa = PBXGroup;
			children = (
				CB904C9C1F22875A0071A36B /* Song.swift */,
				CB749C7C1F36564300EFC01A /* SongYoutubeData.swift */,
			);
			name = Model;
			sourceTree = "<group>";
		};
/* End PBXGroup section */

/* Begin PBXNativeTarget section */
		CB226C391F116C8E006A5209 /* DJApp */ = {
			isa = PBXNativeTarget;
			buildConfigurationList = CB226C4C1F116C8E006A5209 /* Build configuration list for PBXNativeTarget "DJApp" */;
			buildPhases = (
				DE2FAF22B68F8C8C7DFE6F87 /* [CP] Check Pods Manifest.lock */,
				CB226C361F116C8E006A5209 /* Sources */,
				CB226C371F116C8E006A5209 /* Frameworks */,
				CB226C381F116C8E006A5209 /* Resources */,
				D553FDCCF8EB34B4613F73AD /* [CP] Embed Pods Frameworks */,
				D298C6778296070E605B3EE2 /* [CP] Copy Pods Resources */,
			);
			buildRules = (
			);
			dependencies = (
			);
			name = DJApp;
			productName = DJApp;
			productReference = CB226C3A1F116C8E006A5209 /* DJApp.app */;
			productType = "com.apple.product-type.application";
		};
/* End PBXNativeTarget section */

/* Begin PBXProject section */
		CB226C321F116C8E006A5209 /* Project object */ = {
			isa = PBXProject;
			attributes = {
				LastSwiftUpdateCheck = 0830;
				LastUpgradeCheck = 0830;
				ORGANIZATIONNAME = Gametime;
				TargetAttributes = {
					CB226C391F116C8E006A5209 = {
						CreatedOnToolsVersion = 8.3.3;
						ProvisioningStyle = Automatic;
					};
				};
			};
			buildConfigurationList = CB226C351F116C8E006A5209 /* Build configuration list for PBXProject "DJApp" */;
			compatibilityVersion = "Xcode 3.2";
			developmentRegion = English;
			hasScannedForEncodings = 0;
			knownRegions = (
				en,
				Base,
			);
			mainGroup = CB226C311F116C8E006A5209;
			productRefGroup = CB226C3B1F116C8E006A5209 /* Products */;
			projectDirPath = "";
			projectRoot = "";
			targets = (
				CB226C391F116C8E006A5209 /* DJApp */,
			);
		};
/* End PBXProject section */

/* Begin PBXResourcesBuildPhase section */
		CB226C381F116C8E006A5209 /* Resources */ = {
			isa = PBXResourcesBuildPhase;
			buildActionMask = 2147483647;
			files = (
				CB226C481F116C8E006A5209 /* LaunchScreen.storyboard in Resources */,
				CBD262481F1A7C0B005B9231 /* GoogleService-Info.plist in Resources */,
				CB226C451F116C8E006A5209 /* Assets.xcassets in Resources */,
				CB226C431F116C8E006A5209 /* Main.storyboard in Resources */,
			);
			runOnlyForDeploymentPostprocessing = 0;
		};
/* End PBXResourcesBuildPhase section */

/* Begin PBXShellScriptBuildPhase section */
		D298C6778296070E605B3EE2 /* [CP] Copy Pods Resources */ = {
			isa = PBXShellScriptBuildPhase;
			buildActionMask = 2147483647;
			files = (
			);
			inputPaths = (
			);
			name = "[CP] Copy Pods Resources";
			outputPaths = (
			);
			runOnlyForDeploymentPostprocessing = 0;
			shellPath = /bin/sh;
			shellScript = "\"${SRCROOT}/Pods/Target Support Files/Pods-DJApp/Pods-DJApp-resources.sh\"\n";
			showEnvVarsInLog = 0;
		};
		D553FDCCF8EB34B4613F73AD /* [CP] Embed Pods Frameworks */ = {
			isa = PBXShellScriptBuildPhase;
			buildActionMask = 2147483647;
			files = (
			);
			inputPaths = (
			);
			name = "[CP] Embed Pods Frameworks";
			outputPaths = (
			);
			runOnlyForDeploymentPostprocessing = 0;
			shellPath = /bin/sh;
			shellScript = "\"${SRCROOT}/Pods/Target Support Files/Pods-DJApp/Pods-DJApp-frameworks.sh\"\n";
			showEnvVarsInLog = 0;
		};
		DE2FAF22B68F8C8C7DFE6F87 /* [CP] Check Pods Manifest.lock */ = {
			isa = PBXShellScriptBuildPhase;
			buildActionMask = 2147483647;
			files = (
			);
			inputPaths = (
			);
			name = "[CP] Check Pods Manifest.lock";
			outputPaths = (
			);
			runOnlyForDeploymentPostprocessing = 0;
			shellPath = /bin/sh;
			shellScript = "diff \"${PODS_ROOT}/../Podfile.lock\" \"${PODS_ROOT}/Manifest.lock\" > /dev/null\nif [ $? != 0 ] ; then\n    # print error to STDERR\n    echo \"error: The sandbox is not in sync with the Podfile.lock. Run 'pod install' or update your CocoaPods installation.\" >&2\n    exit 1\nfi\n";
			showEnvVarsInLog = 0;
		};
/* End PBXShellScriptBuildPhase section */

/* Begin PBXSourcesBuildPhase section */
		CB226C361F116C8E006A5209 /* Sources */ = {
			isa = PBXSourcesBuildPhase;
			buildActionMask = 2147483647;
			files = (
				CB904C9D1F22875A0071A36B /* Song.swift in Sources */,
				CB904C9A1F2284A70071A36B /* SongTableViewCell.swift in Sources */,
				CB226C3E1F116C8E006A5209 /* AppDelegate.swift in Sources */,
				CB740B6D1F1FCBA3007DD5F8 /* SongsViewController.swift in Sources */,
				CB749C7D1F36564300EFC01A /* SongYoutubeData.swift in Sources */,
			);
			runOnlyForDeploymentPostprocessing = 0;
		};
/* End PBXSourcesBuildPhase section */

/* Begin PBXVariantGroup section */
		CB226C411F116C8E006A5209 /* Main.storyboard */ = {
			isa = PBXVariantGroup;
			children = (
				CB226C421F116C8E006A5209 /* Base */,
			);
			name = Main.storyboard;
			sourceTree = "<group>";
		};
		CB226C461F116C8E006A5209 /* LaunchScreen.storyboard */ = {
			isa = PBXVariantGroup;
			children = (
				CB226C471F116C8E006A5209 /* Base */,
			);
			name = LaunchScreen.storyboard;
			sourceTree = "<group>";
		};
/* End PBXVariantGroup section */

/* Begin XCBuildConfiguration section */
		CB226C4A1F116C8E006A5209 /* Debug */ = {
			isa = XCBuildConfiguration;
			buildSettings = {
				ALWAYS_SEARCH_USER_PATHS = NO;
				CLANG_ANALYZER_NONNULL = YES;
				CLANG_ANALYZER_NUMBER_OBJECT_CONVERSION = YES_AGGRESSIVE;
				CLANG_CXX_LANGUAGE_STANDARD = "gnu++0x";
				CLANG_CXX_LIBRARY = "libc++";
				CLANG_ENABLE_MODULES = YES;
				CLANG_ENABLE_OBJC_ARC = YES;
				CLANG_WARN_BOOL_CONVERSION = YES;
				CLANG_WARN_CONSTANT_CONVERSION = YES;
				CLANG_WARN_DIRECT_OBJC_ISA_USAGE = YES_ERROR;
				CLANG_WARN_DOCUMENTATION_COMMENTS = YES;
				CLANG_WARN_EMPTY_BODY = YES;
				CLANG_WARN_ENUM_CONVERSION = YES;
				CLANG_WARN_INFINITE_RECURSION = YES;
				CLANG_WARN_INT_CONVERSION = YES;
				CLANG_WARN_OBJC_ROOT_CLASS = YES_ERROR;
				CLANG_WARN_SUSPICIOUS_MOVE = YES;
				CLANG_WARN_UNREACHABLE_CODE = YES;
				CLANG_WARN__DUPLICATE_METHOD_MATCH = YES;
				"CODE_SIGN_IDENTITY[sdk=iphoneos*]" = "iPhone Developer";
				COPY_PHASE_STRIP = NO;
				DEBUG_INFORMATION_FORMAT = dwarf;
				ENABLE_STRICT_OBJC_MSGSEND = YES;
				ENABLE_TESTABILITY = YES;
				GCC_C_LANGUAGE_STANDARD = gnu99;
				GCC_DYNAMIC_NO_PIC = NO;
				GCC_NO_COMMON_BLOCKS = YES;
				GCC_OPTIMIZATION_LEVEL = 0;
				GCC_PREPROCESSOR_DEFINITIONS = (
					"DEBUG=1",
					"$(inherited)",
				);
				GCC_WARN_64_TO_32_BIT_CONVERSION = YES;
				GCC_WARN_ABOUT_RETURN_TYPE = YES_ERROR;
				GCC_WARN_UNDECLARED_SELECTOR = YES;
				GCC_WARN_UNINITIALIZED_AUTOS = YES_AGGRESSIVE;
				GCC_WARN_UNUSED_FUNCTION = YES;
				GCC_WARN_UNUSED_VARIABLE = YES;
				IPHONEOS_DEPLOYMENT_TARGET = 10.3;
				MTL_ENABLE_DEBUG_INFO = YES;
				ONLY_ACTIVE_ARCH = YES;
				SDKROOT = iphoneos;
				SWIFT_ACTIVE_COMPILATION_CONDITIONS = DEBUG;
				SWIFT_OPTIMIZATION_LEVEL = "-Onone";
			};
			name = Debug;
		};
		CB226C4B1F116C8E006A5209 /* Release */ = {
			isa = XCBuildConfiguration;
			buildSettings = {
				ALWAYS_SEARCH_USER_PATHS = NO;
				CLANG_ANALYZER_NONNULL = YES;
				CLANG_ANALYZER_NUMBER_OBJECT_CONVERSION = YES_AGGRESSIVE;
				CLANG_CXX_LANGUAGE_STANDARD = "gnu++0x";
				CLANG_CXX_LIBRARY = "libc++";
				CLANG_ENABLE_MODULES = YES;
				CLANG_ENABLE_OBJC_ARC = YES;
				CLANG_WARN_BOOL_CONVERSION = YES;
				CLANG_WARN_CONSTANT_CONVERSION = YES;
				CLANG_WARN_DIRECT_OBJC_ISA_USAGE = YES_ERROR;
				CLANG_WARN_DOCUMENTATION_COMMENTS = YES;
				CLANG_WARN_EMPTY_BODY = YES;
				CLANG_WARN_ENUM_CONVERSION = YES;
				CLANG_WARN_INFINITE_RECURSION = YES;
				CLANG_WARN_INT_CONVERSION = YES;
				CLANG_WARN_OBJC_ROOT_CLASS = YES_ERROR;
				CLANG_WARN_SUSPICIOUS_MOVE = YES;
				CLANG_WARN_UNREACHABLE_CODE = YES;
				CLANG_WARN__DUPLICATE_METHOD_MATCH = YES;
				"CODE_SIGN_IDENTITY[sdk=iphoneos*]" = "iPhone Developer";
				COPY_PHASE_STRIP = NO;
				DEBUG_INFORMATION_FORMAT = "dwarf-with-dsym";
				ENABLE_NS_ASSERTIONS = NO;
				ENABLE_STRICT_OBJC_MSGSEND = YES;
				GCC_C_LANGUAGE_STANDARD = gnu99;
				GCC_NO_COMMON_BLOCKS = YES;
				GCC_WARN_64_TO_32_BIT_CONVERSION = YES;
				GCC_WARN_ABOUT_RETURN_TYPE = YES_ERROR;
				GCC_WARN_UNDECLARED_SELECTOR = YES;
				GCC_WARN_UNINITIALIZED_AUTOS = YES_AGGRESSIVE;
				GCC_WARN_UNUSED_FUNCTION = YES;
				GCC_WARN_UNUSED_VARIABLE = YES;
				IPHONEOS_DEPLOYMENT_TARGET = 10.3;
				MTL_ENABLE_DEBUG_INFO = NO;
				SDKROOT = iphoneos;
				SWIFT_OPTIMIZATION_LEVEL = "-Owholemodule";
				VALIDATE_PRODUCT = YES;
			};
			name = Release;
		};
		CB226C4D1F116C8E006A5209 /* Debug */ = {
			isa = XCBuildConfiguration;
			baseConfigurationReference = 3042A003BB93F5C6D4EF4FF8 /* Pods-DJApp.debug.xcconfig */;
			buildSettings = {
				ASSETCATALOG_COMPILER_APPICON_NAME = AppIcon;
				INFOPLIST_FILE = DJApp/Info.plist;
				LD_RUNPATH_SEARCH_PATHS = "$(inherited) @executable_path/Frameworks";
				PRODUCT_BUNDLE_IDENTIFIER = com.gametime.DJApp;
				PRODUCT_NAME = "$(TARGET_NAME)";
				SWIFT_VERSION = 3.0;
			};
			name = Debug;
		};
		CB226C4E1F116C8E006A5209 /* Release */ = {
			isa = XCBuildConfiguration;
			baseConfigurationReference = BC19697479706519DB5D2D00 /* Pods-DJApp.release.xcconfig */;
			buildSettings = {
				ASSETCATALOG_COMPILER_APPICON_NAME = AppIcon;
				INFOPLIST_FILE = DJApp/Info.plist;
				LD_RUNPATH_SEARCH_PATHS = "$(inherited) @executable_path/Frameworks";
				PRODUCT_BUNDLE_IDENTIFIER = com.gametime.DJApp;
				PRODUCT_NAME = "$(TARGET_NAME)";
				SWIFT_VERSION = 3.0;
			};
			name = Release;
		};
/* End XCBuildConfiguration section */

/* Begin XCConfigurationList section */
		CB226C351F116C8E006A5209 /* Build configuration list for PBXProject "DJApp" */ = {
			isa = XCConfigurationList;
			buildConfigurations = (
				CB226C4A1F116C8E006A5209 /* Debug */,
				CB226C4B1F116C8E006A5209 /* Release */,
			);
			defaultConfigurationIsVisible = 0;
			defaultConfigurationName = Release;
		};
		CB226C4C1F116C8E006A5209 /* Build configuration list for PBXNativeTarget "DJApp" */ = {
			isa = XCConfigurationList;
			buildConfigurations = (
				CB226C4D1F116C8E006A5209 /* Debug */,
				CB226C4E1F116C8E006A5209 /* Release */,
			);
			defaultConfigurationIsVisible = 0;
			defaultConfigurationName = Release;
		};
/* End XCConfigurationList section */
	};
	rootObject = CB226C321F116C8E006A5209 /* Project object */;
}
